// !$*UTF8*$!
{
	archiveVersion = 1;
	classes = {
	};
	objectVersion = 46;
	objects = {

/* Begin PBXBuildFile section */
		C9532B0F1BC64ECA0065FACE /* AppDelegate.swift in Sources */ = {isa = PBXBuildFile; fileRef = C9532B0E1BC64ECA0065FACE /* AppDelegate.swift */; };
		C9532B141BC64ECA0065FACE /* Main.storyboard in Resources */ = {isa = PBXBuildFile; fileRef = C9532B121BC64ECA0065FACE /* Main.storyboard */; };
		C9532B161BC64ECA0065FACE /* Assets.xcassets in Resources */ = {isa = PBXBuildFile; fileRef = C9532B151BC64ECA0065FACE /* Assets.xcassets */; };
		C9532B191BC64ECA0065FACE /* LaunchScreen.storyboard in Resources */ = {isa = PBXBuildFile; fileRef = C9532B171BC64ECA0065FACE /* LaunchScreen.storyboard */; };
		C9532B261BC64F700065FACE /* FFTableViewController.swift in Sources */ = {isa = PBXBuildFile; fileRef = C9532B211BC64F700065FACE /* FFTableViewController.swift */; settings = {ASSET_TAGS = (); }; };
		C9532B271BC64F700065FACE /* TableViewCell.swift in Sources */ = {isa = PBXBuildFile; fileRef = C9532B221BC64F700065FACE /* TableViewCell.swift */; settings = {ASSET_TAGS = (); }; };
		C9532B281BC64F700065FACE /* DataSource.swift in Sources */ = {isa = PBXBuildFile; fileRef = C9532B231BC64F700065FACE /* DataSource.swift */; settings = {ASSET_TAGS = (); }; };
		C9532B291BC64F700065FACE /* ObjectHandler.swift in Sources */ = {isa = PBXBuildFile; fileRef = C9532B241BC64F700065FACE /* ObjectHandler.swift */; settings = {ASSET_TAGS = (); }; };
		C9532B2A1BC64F700065FACE /* InitCell.swift in Sources */ = {isa = PBXBuildFile; fileRef = C9532B251BC64F700065FACE /* InitCell.swift */; settings = {ASSET_TAGS = (); }; };
		C9532B2C1BC64F960065FACE /* SwiftyJSON.swift in Sources */ = {isa = PBXBuildFile; fileRef = C9532B2B1BC64F960065FACE /* SwiftyJSON.swift */; settings = {ASSET_TAGS = (); }; };
/* End PBXBuildFile section */

/* Begin PBXFileReference section */
		C9532B0B1BC64ECA0065FACE /* TableViewSearch.app */ = {isa = PBXFileReference; explicitFileType = wrapper.application; includeInIndex = 0; path = TableViewSearch.app; sourceTree = BUILT_PRODUCTS_DIR; };
		C9532B0E1BC64ECA0065FACE /* AppDelegate.swift */ = {isa = PBXFileReference; lastKnownFileType = sourcecode.swift; path = AppDelegate.swift; sourceTree = "<group>"; };
		C9532B131BC64ECA0065FACE /* Base */ = {isa = PBXFileReference; lastKnownFileType = file.storyboard; name = Base; path = Base.lproj/Main.storyboard; sourceTree = "<group>"; };
		C9532B151BC64ECA0065FACE /* Assets.xcassets */ = {isa = PBXFileReference; lastKnownFileType = folder.assetcatalog; path = Assets.xcassets; sourceTree = "<group>"; };
		C9532B181BC64ECA0065FACE /* Base */ = {isa = PBXFileReference; lastKnownFileType = file.storyboard; name = Base; path = Base.lproj/LaunchScreen.storyboard; sourceTree = "<group>"; };
		C9532B1A1BC64ECA0065FACE /* Info.plist */ = {isa = PBXFileReference; lastKnownFileType = text.plist.xml; path = Info.plist; sourceTree = "<group>"; };
		C9532B211BC64F700065FACE /* FFTableViewController.swift */ = {isa = PBXFileReference; fileEncoding = 4; lastKnownFileType = sourcecode.swift; path = FFTableViewController.swift; sourceTree = "<group>"; };
		C9532B221BC64F700065FACE /* TableViewCell.swift */ = {isa = PBXFileReference; fileEncoding = 4; lastKnownFileType = sourcecode.swift; path = TableViewCell.swift; sourceTree = "<group>"; };
		C9532B231BC64F700065FACE /* DataSource.swift */ = {isa = PBXFileReference; fileEncoding = 4; lastKnownFileType = sourcecode.swift; path = DataSource.swift; sourceTree = "<group>"; };
		C9532B241BC64F700065FACE /* ObjectHandler.swift */ = {isa = PBXFileReference; fileEncoding = 4; lastKnownFileType = sourcecode.swift; path = ObjectHandler.swift; sourceTree = "<group>"; };
		C9532B251BC64F700065FACE /* InitCell.swift */ = {isa = PBXFileReference; fileEncoding = 4; lastKnownFileType = sourcecode.swift; path = InitCell.swift; sourceTree = "<group>"; };
		C9532B2B1BC64F960065FACE /* SwiftyJSON.swift */ = {isa = PBXFileReference; fileEncoding = 4; lastKnownFileType = sourcecode.swift; path = SwiftyJSON.swift; sourceTree = "<group>"; };
/* End PBXFileReference section */

/* Begin PBXFrameworksBuildPhase section */
		C9532B081BC64ECA0065FACE /* Frameworks */ = {
			isa = PBXFrameworksBuildPhase;
			buildActionMask = 2147483647;
			files = (
			);
			runOnlyForDeploymentPostprocessing = 0;
		};
/* End PBXFrameworksBuildPhase section */

/* Begin PBXGroup section */
		C9532B021BC64ECA0065FACE = {
			isa = PBXGroup;
			children = (
				C9532B0D1BC64ECA0065FACE /* TableViewSearch */,
				C9532B0C1BC64ECA0065FACE /* Products */,
			);
			sourceTree = "<group>";
		};
		C9532B0C1BC64ECA0065FACE /* Products */ = {
			isa = PBXGroup;
			children = (
				C9532B0B1BC64ECA0065FACE /* TableViewSearch.app */,
			);
			name = Products;
			sourceTree = "<group>";
		};
		C9532B0D1BC64ECA0065FACE /* TableViewSearch */ = {
			isa = PBXGroup;
			children = (
				C9532B0E1BC64ECA0065FACE /* AppDelegate.swift */,
				C9532B2B1BC64F960065FACE /* SwiftyJSON.swift */,
				C9532B201BC64F550065FACE /* FindFViewC */,
				C9532B121BC64ECA0065FACE /* Main.storyboard */,
				C9532B151BC64ECA0065FACE /* Assets.xcassets */,
				C9532B171BC64ECA0065FACE /* LaunchScreen.storyboard */,
				C9532B1A1BC64ECA0065FACE /* Info.plist */,
			);
			path = TableViewSearch;
			sourceTree = "<group>";
		};
		C9532B201BC64F550065FACE /* FindFViewC */ = {
			isa = PBXGroup;
			children = (
				C9532B211BC64F700065FACE /* FFTableViewController.swift */,
				C9532B221BC64F700065FACE /* TableViewCell.swift */,
				C9532B231BC64F700065FACE /* DataSource.swift */,
				C9532B241BC64F700065FACE /* ObjectHandler.swift */,
				C9532B251BC64F700065FACE /* InitCell.swift */,
			);
			name = FindFViewC;
			sourceTree = "<group>";
		};
/* End PBXGroup section */

/* Begin PBXNativeTarget section */
		C9532B0A1BC64ECA0065FACE /* TableViewSearch */ = {
			isa = PBXNativeTarget;
			buildConfigurationList = C9532B1D1BC64ECA0065FACE /* Build configuration list for PBXNativeTarget "TableViewSearch" */;
			buildPhases = (
				C9532B071BC64ECA0065FACE /* Sources */,
				C9532B081BC64ECA0065FACE /* Frameworks */,
				C9532B091BC64ECA0065FACE /* Resources */,
			);
			buildRules = (
			);
			dependencies = (
			);
			name = TableViewSearch;
			productName = TableViewSearch;
			productReference = C9532B0B1BC64ECA0065FACE /* TableViewSearch.app */;
			productType = "com.apple.product-type.application";
		};
/* End PBXNativeTarget section */

/* Begin PBXProject section */
		C9532B031BC64ECA0065FACE /* Project object */ = {
			isa = PBXProject;
			attributes = {
				LastUpgradeCheck = 0700;
				ORGANIZATIONNAME = "Satnam Sync";
				TargetAttributes = {
					C9532B0A1BC64ECA0065FACE = {
						CreatedOnToolsVersion = 7.0;
					};
				};
			};
			buildConfigurationList = C9532B061BC64ECA0065FACE /* Build configuration list for PBXProject "TableViewSearch" */;
			compatibilityVersion = "Xcode 3.2";
			developmentRegion = English;
			hasScannedForEncodings = 0;
			knownRegions = (
				en,
				Base,
			);
			mainGroup = C9532B021BC64ECA0065FACE;
			productRefGroup = C9532B0C1BC64ECA0065FACE /* Products */;
			projectDirPath = "";
			projectRoot = "";
			targets = (
				C9532B0A1BC64ECA0065FACE /* TableViewSearch */,
			);
		};
/* End PBXProject section */

/* Begin PBXResourcesBuildPhase section */
		C9532B091BC64ECA0065FACE /* Resources */ = {
			isa = PBXResourcesBuildPhase;
			buildActionMask = 2147483647;
			files = (
				C9532B191BC64ECA0065FACE /* LaunchScreen.storyboard in Resources */,
				C9532B161BC64ECA0065FACE /* Assets.xcassets in Resources */,
				C9532B141BC64ECA0065FACE /* Main.storyboard in Resources */,
			);
			runOnlyForDeploymentPostprocessing = 0;
		};
/* End PBXResourcesBuildPhase section */

/* Begin PBXSourcesBuildPhase section */
		C9532B071BC64ECA0065FACE /* Sources */ = {
			isa = PBXSourcesBuildPhase;
			buildActionMask = 2147483647;
			files = (
				C9532B2A1BC64F700065FACE /* InitCell.swift in Sources */,
				C9532B271BC64F700065FACE /* TableViewCell.swift in Sources */,
				C9532B2C1BC64F960065FACE /* SwiftyJSON.swift in Sources */,
				C9532B261BC64F700065FACE /* FFTableViewController.swift in Sources */,
				C9532B281BC64F700065FACE /* DataSource.swift in Sources */,
				C9532B0F1BC64ECA0065FACE /* AppDelegate.swift in Sources */,
				C9532B291BC64F700065FACE /* ObjectHandler.swift in Sources */,
			);
			runOnlyForDeploymentPostprocessing = 0;
		};
/* End PBXSourcesBuildPhase section */

/* Begin PBXVariantGroup section */
		C9532B121BC64ECA0065FACE /* Main.storyboard */ = {
			isa = PBXVariantGroup;
			children = (
				C9532B131BC64ECA0065FACE /* Base */,
			);
			name = Main.storyboard;
			sourceTree = "<group>";
		};
		C9532B171BC64ECA0065FACE /* LaunchScreen.storyboard */ = {
			isa = PBXVariantGroup;
			children = (
				C9532B181BC64ECA0065FACE /* Base */,
			);
			name = LaunchScreen.storyboard;
			sourceTree = "<group>";
		};
/* End PBXVariantGroup section */

/* Begin XCBuildConfiguration section */
		C9532B1B1BC64ECA0065FACE /* Debug */ = {
			isa = XCBuildConfiguration;
			buildSettings = {
				ALWAYS_SEARCH_USER_PATHS = NO;
				CLANG_CXX_LANGUAGE_STANDARD = "gnu++0x";
				CLANG_CXX_LIBRARY = "libc++";
				CLANG_ENABLE_MODULES = YES;
				CLANG_ENABLE_OBJC_ARC = YES;
				CLANG_WARN_BOOL_CONVERSION = YES;
				CLANG_WARN_CONSTANT_CONVERSION = YES;
				CLANG_WARN_DIRECT_OBJC_ISA_USAGE = YES_ERROR;
				CLANG_WARN_EMPTY_BODY = YES;
				CLANG_WARN_ENUM_CONVERSION = YES;
				CLANG_WARN_INT_CONVERSION = YES;
				CLANG_WARN_OBJC_ROOT_CLASS = YES_ERROR;
				CLANG_WARN_UNREACHABLE_CODE = YES;
				CLANG_WARN__DUPLICATE_METHOD_MATCH = YES;
				"CODE_SIGN_IDENTITY[sdk=iphoneos*]" = "iPhone Developer";
				COPY_PHASE_STRIP = NO;
				DEBUG_INFORMATION_FORMAT = dwarf;
				ENABLE_STRICT_OBJC_MSGSEND = YES;
				ENABLE_TESTABILITY = YES;
				GCC_C_LANGUAGE_STANDARD = gnu99;
				GCC_DYNAMIC_NO_PIC = NO;
				GCC_NO_COMMON_BLOCKS = YES;
				GCC_OPTIMIZATION_LEVEL = 0;
				GCC_PREPROCESSOR_DEFINITIONS = (
					"DEBUG=1",
					"$(inherited)",
				);
				GCC_WARN_64_TO_32_BIT_CONVERSION = YES;
				GCC_WARN_ABOUT_RETURN_TYPE = YES_ERROR;
				GCC_WARN_UNDECLARED_SELECTOR = YES;
				GCC_WARN_UNINITIALIZED_AUTOS = YES_AGGRESSIVE;
				GCC_WARN_UNUSED_FUNCTION = YES;
				GCC_WARN_UNUSED_VARIABLE = YES;
				IPHONEOS_DEPLOYMENT_TARGET = 9.0;
				MTL_ENABLE_DEBUG_INFO = YES;
				ONLY_ACTIVE_ARCH = YES;
				SDKROOT = iphoneos;
				SWIFT_OPTIMIZATION_LEVEL = "-Onone";
				TARGETED_DEVICE_FAMILY = "1,2";
			};
			name = Debug;
		};
		C9532B1C1BC64ECA0065FACE /* Release */ = {
			isa = XCBuildConfiguration;
			buildSettings = {
				ALWAYS_SEARCH_USER_PATHS = NO;
				CLANG_CXX_LANGUAGE_STANDARD = "gnu++0x";
				CLANG_CXX_LIBRARY = "libc++";
				CLANG_ENABLE_MODULES = YES;
				CLANG_ENABLE_OBJC_ARC = YES;
				CLANG_WARN_BOOL_CONVERSION = YES;
				CLANG_WARN_CONSTANT_CONVERSION = YES;
				CLANG_WARN_DIRECT_OBJC_ISA_USAGE = YES_ERROR;
				CLANG_WARN_EMPTY_BODY = YES;
				CLANG_WARN_ENUM_CONVERSION = YES;
				CLANG_WARN_INT_CONVERSION = YES;
				CLANG_WARN_OBJC_ROOT_CLASS = YES_ERROR;
				CLANG_WARN_UNREACHABLE_CODE = YES;
				CLANG_WARN__DUPLICATE_METHOD_MATCH = YES;
				"CODE_SIGN_IDENTITY[sdk=iphoneos*]" = "iPhone Developer";
				COPY_PHASE_STRIP = NO;
				DEBUG_INFORMATION_FORMAT = "dwarf-with-dsym";
				ENABLE_NS_ASSERTIONS = NO;
				ENABLE_STRICT_OBJC_MSGSEND = YES;
				GCC_C_LANGUAGE_STANDARD = gnu99;
				GCC_NO_COMMON_BLOCKS = YES;
				GCC_WARN_64_TO_32_BIT_CONVERSION = YES;
				GCC_WARN_ABOUT_RETURN_TYPE = YES_ERROR;
				GCC_WARN_UNDECLARED_SELECTOR = YES;
				GCC_WARN_UNINITIALIZED_AUTOS = YES_AGGRESSIVE;
				GCC_WARN_UNUSED_FUNCTION = YES;
				GCC_WARN_UNUSED_VARIABLE = YES;
				IPHONEOS_DEPLOYMENT_TARGET = 9.0;
				MTL_ENABLE_DEBUG_INFO = NO;
				SDKROOT = iphoneos;
				TARGETED_DEVICE_FAMILY = "1,2";
				VALIDATE_PRODUCT = YES;
			};
			name = Release;
		};
		C9532B1E1BC64ECA0065FACE /* Debug */ = {
			isa = XCBuildConfiguration;
			buildSettings = {
				ASSETCATALOG_COMPILER_APPICON_NAME = AppIcon;
				INFOPLIST_FILE = TableViewSearch/Info.plist;
				LD_RUNPATH_SEARCH_PATHS = "$(inherited) @executable_path/Frameworks";
				PRODUCT_BUNDLE_IDENTIFIER = com.abc.TableViewSearch;
				PRODUCT_NAME = "$(TARGET_NAME)";
			};
			name = Debug;
		};
		C9532B1F1BC64ECA0065FACE /* Release */ = {
			isa = XCBuildConfiguration;
			buildSettings = {
				ASSETCATALOG_COMPILER_APPICON_NAME = AppIcon;
				INFOPLIST_FILE = TableViewSearch/Info.plist;
				LD_RUNPATH_SEARCH_PATHS = "$(inherited) @executable_path/Frameworks";
				PRODUCT_BUNDLE_IDENTIFIER = com.abc.TableViewSearch;
				PRODUCT_NAME = "$(TARGET_NAME)";
			};
			name = Release;
		};
/* End XCBuildConfiguration section */

/* Begin XCConfigurationList section */
		C9532B061BC64ECA0065FACE /* Build configuration list for PBXProject "TableViewSearch" */ = {
			isa = XCConfigurationList;
			buildConfigurations = (
				C9532B1B1BC64ECA0065FACE /* Debug */,
				C9532B1C1BC64ECA0065FACE /* Release */,
			);
			defaultConfigurationIsVisible = 0;
			defaultConfigurationName = Release;
		};
		C9532B1D1BC64ECA0065FACE /* Build configuration list for PBXNativeTarget "TableViewSearch" */ = {
			isa = XCConfigurationList;
			buildConfigurations = (
				C9532B1E1BC64ECA0065FACE /* Debug */,
				C9532B1F1BC64ECA0065FACE /* Release */,
			);
			defaultConfigurationIsVisible = 0;
			defaultConfigurationName = Release;
		};
/* End XCConfigurationList section */
	};
	rootObject = C9532B031BC64ECA0065FACE /* Project object */;
}
